// !$*UTF8*$!
{
	archiveVersion = 1;
	classes = {
	};
	objectVersion = 50;
	objects = {

/* Begin PBXBuildFile section */
		48BC75B022CE63BC00E0C544 /* AppDelegate.swift in Sources */ = {isa = PBXBuildFile; fileRef = 48BC75AF22CE63BC00E0C544 /* AppDelegate.swift */; };
		48BC75B222CE63BC00E0C544 /* ViewController.swift in Sources */ = {isa = PBXBuildFile; fileRef = 48BC75B122CE63BC00E0C544 /* ViewController.swift */; };
		48BC75B522CE63BC00E0C544 /* Main.storyboard in Resources */ = {isa = PBXBuildFile; fileRef = 48BC75B322CE63BC00E0C544 /* Main.storyboard */; };
		48BC75B722CE63BD00E0C544 /* Assets.xcassets in Resources */ = {isa = PBXBuildFile; fileRef = 48BC75B622CE63BD00E0C544 /* Assets.xcassets */; };
		48BC75BA22CE63BD00E0C544 /* LaunchScreen.storyboard in Resources */ = {isa = PBXBuildFile; fileRef = 48BC75B822CE63BD00E0C544 /* LaunchScreen.storyboard */; };
		48BC75C522CE63BD00E0C544 /* ios_analytics_pocTests.swift in Sources */ = {isa = PBXBuildFile; fileRef = 48BC75C422CE63BD00E0C544 /* ios_analytics_pocTests.swift */; };
		48BC75D022CE63BD00E0C544 /* ios_analytics_pocUITests.swift in Sources */ = {isa = PBXBuildFile; fileRef = 48BC75CF22CE63BD00E0C544 /* ios_analytics_pocUITests.swift */; };
/* End PBXBuildFile section */

/* Begin PBXContainerItemProxy section */
		48BC75C122CE63BD00E0C544 /* PBXContainerItemProxy */ = {
			isa = PBXContainerItemProxy;
			containerPortal = 48BC75A422CE63BC00E0C544 /* Project object */;
			proxyType = 1;
			remoteGlobalIDString = 48BC75AB22CE63BC00E0C544;
			remoteInfo = ios_analytics_poc;
		};
		48BC75CC22CE63BD00E0C544 /* PBXContainerItemProxy */ = {
			isa = PBXContainerItemProxy;
			containerPortal = 48BC75A422CE63BC00E0C544 /* Project object */;
			proxyType = 1;
			remoteGlobalIDString = 48BC75AB22CE63BC00E0C544;
			remoteInfo = ios_analytics_poc;
		};
/* End PBXContainerItemProxy section */

/* Begin PBXFileReference section */
		48BC75AC22CE63BC00E0C544 /* ios_analytics_poc.app */ = {isa = PBXFileReference; explicitFileType = wrapper.application; includeInIndex = 0; path = ios_analytics_poc.app; sourceTree = BUILT_PRODUCTS_DIR; };
		48BC75AF22CE63BC00E0C544 /* AppDelegate.swift */ = {isa = PBXFileReference; lastKnownFileType = sourcecode.swift; path = AppDelegate.swift; sourceTree = "<group>"; };
		48BC75B122CE63BC00E0C544 /* ViewController.swift */ = {isa = PBXFileReference; lastKnownFileType = sourcecode.swift; path = ViewController.swift; sourceTree = "<group>"; };
		48BC75B422CE63BC00E0C544 /* Base */ = {isa = PBXFileReference; lastKnownFileType = file.storyboard; name = Base; path = Base.lproj/Main.storyboard; sourceTree = "<group>"; };
		48BC75B622CE63BD00E0C544 /* Assets.xcassets */ = {isa = PBXFileReference; lastKnownFileType = folder.assetcatalog; path = Assets.xcassets; sourceTree = "<group>"; };
		48BC75B922CE63BD00E0C544 /* Base */ = {isa = PBXFileReference; lastKnownFileType = file.storyboard; name = Base; path = Base.lproj/LaunchScreen.storyboard; sourceTree = "<group>"; };
		48BC75BB22CE63BD00E0C544 /* Info.plist */ = {isa = PBXFileReference; lastKnownFileType = text.plist.xml; path = Info.plist; sourceTree = "<group>"; };
		48BC75C022CE63BD00E0C544 /* ios_analytics_pocTests.xctest */ = {isa = PBXFileReference; explicitFileType = wrapper.cfbundle; includeInIndex = 0; path = ios_analytics_pocTests.xctest; sourceTree = BUILT_PRODUCTS_DIR; };
		48BC75C422CE63BD00E0C544 /* ios_analytics_pocTests.swift */ = {isa = PBXFileReference; lastKnownFileType = sourcecode.swift; path = ios_analytics_pocTests.swift; sourceTree = "<group>"; };
		48BC75C622CE63BD00E0C544 /* Info.plist */ = {isa = PBXFileReference; lastKnownFileType = text.plist.xml; path = Info.plist; sourceTree = "<group>"; };
		48BC75CB22CE63BD00E0C544 /* ios_analytics_pocUITests.xctest */ = {isa = PBXFileReference; explicitFileType = wrapper.cfbundle; includeInIndex = 0; path = ios_analytics_pocUITests.xctest; sourceTree = BUILT_PRODUCTS_DIR; };
		48BC75CF22CE63BD00E0C544 /* ios_analytics_pocUITests.swift */ = {isa = PBXFileReference; lastKnownFileType = sourcecode.swift; path = ios_analytics_pocUITests.swift; sourceTree = "<group>"; };
		48BC75D122CE63BD00E0C544 /* Info.plist */ = {isa = PBXFileReference; lastKnownFileType = text.plist.xml; path = Info.plist; sourceTree = "<group>"; };
/* End PBXFileReference section */

/* Begin PBXFrameworksBuildPhase section */
		48BC75A922CE63BC00E0C544 /* Frameworks */ = {
			isa = PBXFrameworksBuildPhase;
			buildActionMask = 2147483647;
			files = (
			);
			runOnlyForDeploymentPostprocessing = 0;
		};
		48BC75BD22CE63BD00E0C544 /* Frameworks */ = {
			isa = PBXFrameworksBuildPhase;
			buildActionMask = 2147483647;
			files = (
			);
			runOnlyForDeploymentPostprocessing = 0;
		};
		48BC75C822CE63BD00E0C544 /* Frameworks */ = {
			isa = PBXFrameworksBuildPhase;
			buildActionMask = 2147483647;
			files = (
			);
			runOnlyForDeploymentPostprocessing = 0;
		};
/* End PBXFrameworksBuildPhase section */

/* Begin PBXGroup section */
		48BC75A322CE63BC00E0C544 = {
			isa = PBXGroup;
			children = (
				48BC75AE22CE63BC00E0C544 /* ios_analytics_poc */,
				48BC75C322CE63BD00E0C544 /* ios_analytics_pocTests */,
				48BC75CE22CE63BD00E0C544 /* ios_analytics_pocUITests */,
				48BC75AD22CE63BC00E0C544 /* Products */,
			);
			sourceTree = "<group>";
		};
		48BC75AD22CE63BC00E0C544 /* Products */ = {
			isa = PBXGroup;
			children = (
				48BC75AC22CE63BC00E0C544 /* ios_analytics_poc.app */,
				48BC75C022CE63BD00E0C544 /* ios_analytics_pocTests.xctest */,
				48BC75CB22CE63BD00E0C544 /* ios_analytics_pocUITests.xctest */,
			);
			name = Products;
			sourceTree = "<group>";
		};
		48BC75AE22CE63BC00E0C544 /* ios_analytics_poc */ = {
			isa = PBXGroup;
			children = (
				48BC75AF22CE63BC00E0C544 /* AppDelegate.swift */,
				48BC75B122CE63BC00E0C544 /* ViewController.swift */,
				48BC75B322CE63BC00E0C544 /* Main.storyboard */,
				48BC75B622CE63BD00E0C544 /* Assets.xcassets */,
				48BC75B822CE63BD00E0C544 /* LaunchScreen.storyboard */,
				48BC75BB22CE63BD00E0C544 /* Info.plist */,
			);
			path = ios_analytics_poc;
			sourceTree = "<group>";
		};
		48BC75C322CE63BD00E0C544 /* ios_analytics_pocTests */ = {
			isa = PBXGroup;
			children = (
				48BC75C422CE63BD00E0C544 /* ios_analytics_pocTests.swift */,
				48BC75C622CE63BD00E0C544 /* Info.plist */,
			);
			path = ios_analytics_pocTests;
			sourceTree = "<group>";
		};
		48BC75CE22CE63BD00E0C544 /* ios_analytics_pocUITests */ = {
			isa = PBXGroup;
			children = (
				48BC75CF22CE63BD00E0C544 /* ios_analytics_pocUITests.swift */,
				48BC75D122CE63BD00E0C544 /* Info.plist */,
			);
			path = ios_analytics_pocUITests;
			sourceTree = "<group>";
		};
/* End PBXGroup section */

/* Begin PBXNativeTarget section */
		48BC75AB22CE63BC00E0C544 /* ios_analytics_poc */ = {
			isa = PBXNativeTarget;
			buildConfigurationList = 48BC75D422CE63BD00E0C544 /* Build configuration list for PBXNativeTarget "ios_analytics_poc" */;
			buildPhases = (
				48BC75A822CE63BC00E0C544 /* Sources */,
				48BC75A922CE63BC00E0C544 /* Frameworks */,
				48BC75AA22CE63BC00E0C544 /* Resources */,
			);
			buildRules = (
			);
			dependencies = (
			);
			name = ios_analytics_poc;
			productName = ios_analytics_poc;
			productReference = 48BC75AC22CE63BC00E0C544 /* ios_analytics_poc.app */;
			productType = "com.apple.product-type.application";
		};
		48BC75BF22CE63BD00E0C544 /* ios_analytics_pocTests */ = {
			isa = PBXNativeTarget;
			buildConfigurationList = 48BC75D722CE63BD00E0C544 /* Build configuration list for PBXNativeTarget "ios_analytics_pocTests" */;
			buildPhases = (
				48BC75BC22CE63BD00E0C544 /* Sources */,
				48BC75BD22CE63BD00E0C544 /* Frameworks */,
				48BC75BE22CE63BD00E0C544 /* Resources */,
			);
			buildRules = (
			);
			dependencies = (
				48BC75C222CE63BD00E0C544 /* PBXTargetDependency */,
			);
			name = ios_analytics_pocTests;
			productName = ios_analytics_pocTests;
			productReference = 48BC75C022CE63BD00E0C544 /* ios_analytics_pocTests.xctest */;
			productType = "com.apple.product-type.bundle.unit-test";
		};
		48BC75CA22CE63BD00E0C544 /* ios_analytics_pocUITests */ = {
			isa = PBXNativeTarget;
			buildConfigurationList = 48BC75DA22CE63BD00E0C544 /* Build configuration list for PBXNativeTarget "ios_analytics_pocUITests" */;
			buildPhases = (
				48BC75C722CE63BD00E0C544 /* Sources */,
				48BC75C822CE63BD00E0C544 /* Frameworks */,
				48BC75C922CE63BD00E0C544 /* Resources */,
			);
			buildRules = (
			);
			dependencies = (
				48BC75CD22CE63BD00E0C544 /* PBXTargetDependency */,
			);
			name = ios_analytics_pocUITests;
			productName = ios_analytics_pocUITests;
			productReference = 48BC75CB22CE63BD00E0C544 /* ios_analytics_pocUITests.xctest */;
			productType = "com.apple.product-type.bundle.ui-testing";
		};
/* End PBXNativeTarget section */

/* Begin PBXProject section */
		48BC75A422CE63BC00E0C544 /* Project object */ = {
			isa = PBXProject;
			attributes = {
				LastSwiftUpdateCheck = 1020;
				LastUpgradeCheck = 1020;
				ORGANIZATIONNAME = "Richard Kmieciak";
				TargetAttributes = {
					48BC75AB22CE63BC00E0C544 = {
						CreatedOnToolsVersion = 10.2.1;
					};
					48BC75BF22CE63BD00E0C544 = {
						CreatedOnToolsVersion = 10.2.1;
						TestTargetID = 48BC75AB22CE63BC00E0C544;
					};
					48BC75CA22CE63BD00E0C544 = {
						CreatedOnToolsVersion = 10.2.1;
						TestTargetID = 48BC75AB22CE63BC00E0C544;
					};
				};
			};
			buildConfigurationList = 48BC75A722CE63BC00E0C544 /* Build configuration list for PBXProject "ios_analytics_poc" */;
			compatibilityVersion = "Xcode 9.3";
			developmentRegion = en;
			hasScannedForEncodings = 0;
			knownRegions = (
				en,
				Base,
			);
			mainGroup = 48BC75A322CE63BC00E0C544;
			productRefGroup = 48BC75AD22CE63BC00E0C544 /* Products */;
			projectDirPath = "";
			projectRoot = "";
			targets = (
				48BC75AB22CE63BC00E0C544 /* ios_analytics_poc */,
				48BC75BF22CE63BD00E0C544 /* ios_analytics_pocTests */,
				48BC75CA22CE63BD00E0C544 /* ios_analytics_pocUITests */,
			);
		};
/* End PBXProject section */

/* Begin PBXResourcesBuildPhase section */
		48BC75AA22CE63BC00E0C544 /* Resources */ = {
			isa = PBXResourcesBuildPhase;
			buildActionMask = 2147483647;
			files = (
				48BC75BA22CE63BD00E0C544 /* LaunchScreen.storyboard in Resources */,
				48BC75B722CE63BD00E0C544 /* Assets.xcassets in Resources */,
				48BC75B522CE63BC00E0C544 /* Main.storyboard in Resources */,
			);
			runOnlyForDeploymentPostprocessing = 0;
		};
		48BC75BE22CE63BD00E0C544 /* Resources */ = {
			isa = PBXResourcesBuildPhase;
			buildActionMask = 2147483647;
			files = (
			);
			runOnlyForDeploymentPostprocessing = 0;
		};
		48BC75C922CE63BD00E0C544 /* Resources */ = {
			isa = PBXResourcesBuildPhase;
			buildActionMask = 2147483647;
			files = (
			);
			runOnlyForDeploymentPostprocessing = 0;
		};
/* End PBXResourcesBuildPhase section */

/* Begin PBXSourcesBuildPhase section */
		48BC75A822CE63BC00E0C544 /* Sources */ = {
			isa = PBXSourcesBuildPhase;
			buildActionMask = 2147483647;
			files = (
				48BC75B222CE63BC00E0C544 /* ViewController.swift in Sources */,
				48BC75B022CE63BC00E0C544 /* AppDelegate.swift in Sources */,
			);
			runOnlyForDeploymentPostprocessing = 0;
		};
		48BC75BC22CE63BD00E0C544 /* Sources */ = {
			isa = PBXSourcesBuildPhase;
			buildActionMask = 2147483647;
			files = (
				48BC75C522CE63BD00E0C544 /* ios_analytics_pocTests.swift in Sources */,
			);
			runOnlyForDeploymentPostprocessing = 0;
		};
		48BC75C722CE63BD00E0C544 /* Sources */ = {
			isa = PBXSourcesBuildPhase;
			buildActionMask = 2147483647;
			files = (
				48BC75D022CE63BD00E0C544 /* ios_analytics_pocUITests.swift in Sources */,
			);
			runOnlyForDeploymentPostprocessing = 0;
		};
/* End PBXSourcesBuildPhase section */

/* Begin PBXTargetDependency section */
		48BC75C222CE63BD00E0C544 /* PBXTargetDependency */ = {
			isa = PBXTargetDependency;
			target = 48BC75AB22CE63BC00E0C544 /* ios_analytics_poc */;
			targetProxy = 48BC75C122CE63BD00E0C544 /* PBXContainerItemProxy */;
		};
		48BC75CD22CE63BD00E0C544 /* PBXTargetDependency */ = {
			isa = PBXTargetDependency;
			target = 48BC75AB22CE63BC00E0C544 /* ios_analytics_poc */;
			targetProxy = 48BC75CC22CE63BD00E0C544 /* PBXContainerItemProxy */;
		};
/* End PBXTargetDependency section */

/* Begin PBXVariantGroup section */
		48BC75B322CE63BC00E0C544 /* Main.storyboard */ = {
			isa = PBXVariantGroup;
			children = (
				48BC75B422CE63BC00E0C544 /* Base */,
			);
			name = Main.storyboard;
			sourceTree = "<group>";
		};
		48BC75B822CE63BD00E0C544 /* LaunchScreen.storyboard */ = {
			isa = PBXVariantGroup;
			children = (
				48BC75B922CE63BD00E0C544 /* Base */,
			);
			name = LaunchScreen.storyboard;
			sourceTree = "<group>";
		};
/* End PBXVariantGroup section */

/* Begin XCBuildConfiguration section */
		48BC75D222CE63BD00E0C544 /* Debug */ = {
			isa = XCBuildConfiguration;
			buildSettings = {
				ALWAYS_SEARCH_USER_PATHS = NO;
				CLANG_ANALYZER_NONNULL = YES;
				CLANG_ANALYZER_NUMBER_OBJECT_CONVERSION = YES_AGGRESSIVE;
				CLANG_CXX_LANGUAGE_STANDARD = "gnu++14";
				CLANG_CXX_LIBRARY = "libc++";
				CLANG_ENABLE_MODULES = YES;
				CLANG_ENABLE_OBJC_ARC = YES;
				CLANG_ENABLE_OBJC_WEAK = YES;
				CLANG_WARN_BLOCK_CAPTURE_AUTORELEASING = YES;
				CLANG_WARN_BOOL_CONVERSION = YES;
				CLANG_WARN_COMMA = YES;
				CLANG_WARN_CONSTANT_CONVERSION = YES;
				CLANG_WARN_DEPRECATED_OBJC_IMPLEMENTATIONS = YES;
				CLANG_WARN_DIRECT_OBJC_ISA_USAGE = YES_ERROR;
				CLANG_WARN_DOCUMENTATION_COMMENTS = YES;
				CLANG_WARN_EMPTY_BODY = YES;
				CLANG_WARN_ENUM_CONVERSION = YES;
				CLANG_WARN_INFINITE_RECURSION = YES;
				CLANG_WARN_INT_CONVERSION = YES;
				CLANG_WARN_NON_LITERAL_NULL_CONVERSION = YES;
				CLANG_WARN_OBJC_IMPLICIT_RETAIN_SELF = YES;
				CLANG_WARN_OBJC_LITERAL_CONVERSION = YES;
				CLANG_WARN_OBJC_ROOT_CLASS = YES_ERROR;
				CLANG_WARN_RANGE_LOOP_ANALYSIS = YES;
				CLANG_WARN_STRICT_PROTOTYPES = YES;
				CLANG_WARN_SUSPICIOUS_MOVE = YES;
				CLANG_WARN_UNGUARDED_AVAILABILITY = YES_AGGRESSIVE;
				CLANG_WARN_UNREACHABLE_CODE = YES;
				CLANG_WARN__DUPLICATE_METHOD_MATCH = YES;
				CODE_SIGN_IDENTITY = "iPhone Developer";
				COPY_PHASE_STRIP = NO;
				DEBUG_INFORMATION_FORMAT = dwarf;
				ENABLE_STRICT_OBJC_MSGSEND = YES;
				ENABLE_TESTABILITY = YES;
				GCC_C_LANGUAGE_STANDARD = gnu11;
				GCC_DYNAMIC_NO_PIC = NO;
				GCC_NO_COMMON_BLOCKS = YES;
				GCC_OPTIMIZATION_LEVEL = 0;
				GCC_PREPROCESSOR_DEFINITIONS = (
					"DEBUG=1",
					"$(inherited)",
				);
				GCC_WARN_64_TO_32_BIT_CONVERSION = YES;
				GCC_WARN_ABOUT_RETURN_TYPE = YES_ERROR;
				GCC_WARN_UNDECLARED_SELECTOR = YES;
				GCC_WARN_UNINITIALIZED_AUTOS = YES_AGGRESSIVE;
				GCC_WARN_UNUSED_FUNCTION = YES;
				GCC_WARN_UNUSED_VARIABLE = YES;
				IPHONEOS_DEPLOYMENT_TARGET = 12.2;
				MTL_ENABLE_DEBUG_INFO = INCLUDE_SOURCE;
				MTL_FAST_MATH = YES;
				ONLY_ACTIVE_ARCH = YES;
				SDKROOT = iphoneos;
				SWIFT_ACTIVE_COMPILATION_CONDITIONS = DEBUG;
				SWIFT_OPTIMIZATION_LEVEL = "-Onone";
			};
			name = Debug;
		};
		48BC75D322CE63BD00E0C544 /* Release */ = {
			isa = XCBuildConfiguration;
			buildSettings = {
				ALWAYS_SEARCH_USER_PATHS = NO;
				CLANG_ANALYZER_NONNULL = YES;
				CLANG_ANALYZER_NUMBER_OBJECT_CONVERSION = YES_AGGRESSIVE;
				CLANG_CXX_LANGUAGE_STANDARD = "gnu++14";
				CLANG_CXX_LIBRARY = "libc++";
				CLANG_ENABLE_MODULES = YES;
				CLANG_ENABLE_OBJC_ARC = YES;
				CLANG_ENABLE_OBJC_WEAK = YES;
				CLANG_WARN_BLOCK_CAPTURE_AUTORELEASING = YES;
				CLANG_WARN_BOOL_CONVERSION = YES;
				CLANG_WARN_COMMA = YES;
				CLANG_WARN_CONSTANT_CONVERSION = YES;
				CLANG_WARN_DEPRECATED_OBJC_IMPLEMENTATIONS = YES;
				CLANG_WARN_DIRECT_OBJC_ISA_USAGE = YES_ERROR;
				CLANG_WARN_DOCUMENTATION_COMMENTS = YES;
				CLANG_WARN_EMPTY_BODY = YES;
				CLANG_WARN_ENUM_CONVERSION = YES;
				CLANG_WARN_INFINITE_RECURSION = YES;
				CLANG_WARN_INT_CONVERSION = YES;
				CLANG_WARN_NON_LITERAL_NULL_CONVERSION = YES;
				CLANG_WARN_OBJC_IMPLICIT_RETAIN_SELF = YES;
				CLANG_WARN_OBJC_LITERAL_CONVERSION = YES;
				CLANG_WARN_OBJC_ROOT_CLASS = YES_ERROR;
				CLANG_WARN_RANGE_LOOP_ANALYSIS = YES;
				CLANG_WARN_STRICT_PROTOTYPES = YES;
				CLANG_WARN_SUSPICIOUS_MOVE = YES;
				CLANG_WARN_UNGUARDED_AVAILABILITY = YES_AGGRESSIVE;
				CLANG_WARN_UNREACHABLE_CODE = YES;
				CLANG_WARN__DUPLICATE_METHOD_MATCH = YES;
				CODE_SIGN_IDENTITY = "iPhone Developer";
				COPY_PHASE_STRIP = NO;
				DEBUG_INFORMATION_FORMAT = "dwarf-with-dsym";
				ENABLE_NS_ASSERTIONS = NO;
				ENABLE_STRICT_OBJC_MSGSEND = YES;
				GCC_C_LANGUAGE_STANDARD = gnu11;
				GCC_NO_COMMON_BLOCKS = YES;
				GCC_WARN_64_TO_32_BIT_CONVERSION = YES;
				GCC_WARN_ABOUT_RETURN_TYPE = YES_ERROR;
				GCC_WARN_UNDECLARED_SELECTOR = YES;
				GCC_WARN_UNINITIALIZED_AUTOS = YES_AGGRESSIVE;
				GCC_WARN_UNUSED_FUNCTION = YES;
				GCC_WARN_UNUSED_VARIABLE = YES;
				IPHONEOS_DEPLOYMENT_TARGET = 12.2;
				MTL_ENABLE_DEBUG_INFO = NO;
				MTL_FAST_MATH = YES;
				SDKROOT = iphoneos;
				SWIFT_COMPILATION_MODE = wholemodule;
				SWIFT_OPTIMIZATION_LEVEL = "-O";
				VALIDATE_PRODUCT = YES;
			};
			name = Release;
		};
		48BC75D522CE63BD00E0C544 /* Debug */ = {
			isa = XCBuildConfiguration;
			buildSettings = {
				ASSETCATALOG_COMPILER_APPICON_NAME = AppIcon;
				CODE_SIGN_STYLE = Automatic;
				DEVELOPMENT_TEAM = UDW8FUCY93;
				INFOPLIST_FILE = ios_analytics_poc/Info.plist;
				LD_RUNPATH_SEARCH_PATHS = (
					"$(inherited)",
					"@executable_path/Frameworks",
				);
				PRODUCT_BUNDLE_IDENTIFIER = "subatonic.ios-analytics-poc";
				PRODUCT_NAME = "$(TARGET_NAME)";
				SWIFT_VERSION = 5.0;
				TARGETED_DEVICE_FAMILY = "1,2";
			};
			name = Debug;
		};
		48BC75D622CE63BD00E0C544 /* Release */ = {
			isa = XCBuildConfiguration;
			buildSettings = {
				ASSETCATALOG_COMPILER_APPICON_NAME = AppIcon;
				CODE_SIGN_STYLE = Automatic;
				DEVELOPMENT_TEAM = UDW8FUCY93;
				INFOPLIST_FILE = ios_analytics_poc/Info.plist;
				LD_RUNPATH_SEARCH_PATHS = (
					"$(inherited)",
					"@executable_path/Frameworks",
				);
				PRODUCT_BUNDLE_IDENTIFIER = "subatonic.ios-analytics-poc";
				PRODUCT_NAME = "$(TARGET_NAME)";
				SWIFT_VERSION = 5.0;
				TARGETED_DEVICE_FAMILY = "1,2";
			};
			name = Release;
		};
		48BC75D822CE63BD00E0C544 /* Debug */ = {
			isa = XCBuildConfiguration;
			buildSettings = {
				ALWAYS_EMBED_SWIFT_STANDARD_LIBRARIES = YES;
				BUNDLE_LOADER = "$(TEST_HOST)";
				CODE_SIGN_STYLE = Automatic;
				DEVELOPMENT_TEAM = UDW8FUCY93;
				INFOPLIST_FILE = ios_analytics_pocTests/Info.plist;
				LD_RUNPATH_SEARCH_PATHS = (
					"$(inherited)",
					"@executable_path/Frameworks",
					"@loader_path/Frameworks",
				);
				PRODUCT_BUNDLE_IDENTIFIER = "subatonic.ios-analytics-pocTests";
				PRODUCT_NAME = "$(TARGET_NAME)";
				SWIFT_VERSION = 5.0;
				TARGETED_DEVICE_FAMILY = "1,2";
				TEST_HOST = "$(BUILT_PRODUCTS_DIR)/ios_analytics_poc.app/ios_analytics_poc";
			};
			name = Debug;
		};
		48BC75D922CE63BD00E0C544 /* Release */ = {
			isa = XCBuildConfiguration;
			buildSettings = {
				ALWAYS_EMBED_SWIFT_STANDARD_LIBRARIES = YES;
				BUNDLE_LOADER = "$(TEST_HOST)";
				CODE_SIGN_STYLE = Automatic;
				DEVELOPMENT_TEAM = UDW8FUCY93;
				INFOPLIST_FILE = ios_analytics_pocTests/Info.plist;
				LD_RUNPATH_SEARCH_PATHS = (
					"$(inherited)",
					"@executable_path/Frameworks",
					"@loader_path/Frameworks",
				);
				PRODUCT_BUNDLE_IDENTIFIER = "subatonic.ios-analytics-pocTests";
				PRODUCT_NAME = "$(TARGET_NAME)";
				SWIFT_VERSION = 5.0;
				TARGETED_DEVICE_FAMILY = "1,2";
				TEST_HOST = "$(BUILT_PRODUCTS_DIR)/ios_analytics_poc.app/ios_analytics_poc";
			};
			name = Release;
		};
		48BC75DB22CE63BD00E0C544 /* Debug */ = {
			isa = XCBuildConfiguration;
			buildSettings = {
				ALWAYS_EMBED_SWIFT_STANDARD_LIBRARIES = YES;
				CODE_SIGN_STYLE = Automatic;
				DEVELOPMENT_TEAM = UDW8FUCY93;
				INFOPLIST_FILE = ios_analytics_pocUITests/Info.plist;
				LD_RUNPATH_SEARCH_PATHS = (
					"$(inherited)",
					"@executable_path/Frameworks",
					"@loader_path/Frameworks",
				);
				PRODUCT_BUNDLE_IDENTIFIER = "subatonic.ios-analytics-pocUITests";
				PRODUCT_NAME = "$(TARGET_NAME)";
				SWIFT_VERSION = 5.0;
				TARGETED_DEVICE_FAMILY = "1,2";
				TEST_TARGET_NAME = ios_analytics_poc;
			};
			name = Debug;
		};
		48BC75DC22CE63BD00E0C544 /* Release */ = {
			isa = XCBuildConfiguration;
			buildSettings = {
				ALWAYS_EMBED_SWIFT_STANDARD_LIBRARIES = YES;
				CODE_SIGN_STYLE = Automatic;
				DEVELOPMENT_TEAM = UDW8FUCY93;
				INFOPLIST_FILE = ios_analytics_pocUITests/Info.plist;
				LD_RUNPATH_SEARCH_PATHS = (
					"$(inherited)",
					"@executable_path/Frameworks",
					"@loader_path/Frameworks",
				);
				PRODUCT_BUNDLE_IDENTIFIER = "subatonic.ios-analytics-pocUITests";
				PRODUCT_NAME = "$(TARGET_NAME)";
				SWIFT_VERSION = 5.0;
				TARGETED_DEVICE_FAMILY = "1,2";
				TEST_TARGET_NAME = ios_analytics_poc;
			};
			name = Release;
		};
/* End XCBuildConfiguration section */

/* Begin XCConfigurationList section */
		48BC75A722CE63BC00E0C544 /* Build configuration list for PBXProject "ios_analytics_poc" */ = {
			isa = XCConfigurationList;
			buildConfigurations = (
				48BC75D222CE63BD00E0C544 /* Debug */,
				48BC75D322CE63BD00E0C544 /* Release */,
			);
			defaultConfigurationIsVisible = 0;
			defaultConfigurationName = Release;
		};
		48BC75D422CE63BD00E0C544 /* Build configuration list for PBXNativeTarget "ios_analytics_poc" */ = {
			isa = XCConfigurationList;
			buildConfigurations = (
				48BC75D522CE63BD00E0C544 /* Debug */,
				48BC75D622CE63BD00E0C544 /* Release */,
			);
			defaultConfigurationIsVisible = 0;
			defaultConfigurationName = Release;
		};
		48BC75D722CE63BD00E0C544 /* Build configuration list for PBXNativeTarget "ios_analytics_pocTests" */ = {
			isa = XCConfigurationList;
			buildConfigurations = (
				48BC75D822CE63BD00E0C544 /* Debug */,
				48BC75D922CE63BD00E0C544 /* Release */,
			);
			defaultConfigurationIsVisible = 0;
			defaultConfigurationName = Release;
		};
		48BC75DA22CE63BD00E0C544 /* Build configuration list for PBXNativeTarget "ios_analytics_pocUITests" */ = {
			isa = XCConfigurationList;
			buildConfigurations = (
				48BC75DB22CE63BD00E0C544 /* Debug */,
				48BC75DC22CE63BD00E0C544 /* Release */,
			);
			defaultConfigurationIsVisible = 0;
			defaultConfigurationName = Release;
		};
/* End XCConfigurationList section */
	};
	rootObject = 48BC75A422CE63BC00E0C544 /* Project object */;
}
